
Microsoft Visual Studio Solution File, Format Version 12.00
# Visual Studio Version 17
VisualStudioVersion = 17.4.33205.214
MinimumVisualStudioVersion = 10.0.40219.1
Project("{FAE04EC0-301F-11D3-BF4B-00C04F79EFBC}") = "Harjoitus16", "Harjoitus16\Harjoitus16.csproj", "{52AD2C76-F4C7-44B4-8339-9A6B01717583}"
EndProject
Global
	GlobalSection(SolutionConfigurationPlatforms) = preSolution
		Debug|Any CPU = Debug|Any CPU
		Release|Any CPU = Release|Any CPU
	EndGlobalSection
	GlobalSection(ProjectConfigurationPlatforms) = postSolution
		{52AD2C76-F4C7-44B4-8339-9A6B01717583}.Debug|Any CPU.ActiveCfg = Debug|Any CPU
		{52AD2C76-F4C7-44B4-8339-9A6B01717583}.Debug|Any CPU.Build.0 = Debug|Any CPU
		{52AD2C76-F4C7-44B4-8339-9A6B01717583}.Release|Any CPU.ActiveCfg = Release|Any CPU
		{52AD2C76-F4C7-44B4-8339-9A6B01717583}.Release|Any CPU.Build.0 = Release|Any CPU
	EndGlobalSection
	GlobalSection(SolutionProperties) = preSolution
		HideSolutionNode = FALSE
	EndGlobalSection
	GlobalSection(ExtensibilityGlobals) = postSolution
		SolutionGuid = {42CF16A6-1363-4F27-9AF0-98E22002E30D}
	EndGlobalSection
EndGlobal
