
Microsoft Visual Studio Solution File, Format Version 12.00
# Visual Studio Version 17
VisualStudioVersion = 17.4.33205.214
MinimumVisualStudioVersion = 10.0.40219.1
Project("{FAE04EC0-301F-11D3-BF4B-00C04F79EFBC}") = "harjoitus15", "harjoitus15\harjoitus15.csproj", "{335D74C3-032E-4826-B400-E0EAA0CD0E46}"
EndProject
Global
	GlobalSection(SolutionConfigurationPlatforms) = preSolution
		Debug|Any CPU = Debug|Any CPU
		Release|Any CPU = Release|Any CPU
	EndGlobalSection
	GlobalSection(ProjectConfigurationPlatforms) = postSolution
		{335D74C3-032E-4826-B400-E0EAA0CD0E46}.Debug|Any CPU.ActiveCfg = Debug|Any CPU
		{335D74C3-032E-4826-B400-E0EAA0CD0E46}.Debug|Any CPU.Build.0 = Debug|Any CPU
		{335D74C3-032E-4826-B400-E0EAA0CD0E46}.Release|Any CPU.ActiveCfg = Release|Any CPU
		{335D74C3-032E-4826-B400-E0EAA0CD0E46}.Release|Any CPU.Build.0 = Release|Any CPU
	EndGlobalSection
	GlobalSection(SolutionProperties) = preSolution
		HideSolutionNode = FALSE
	EndGlobalSection
	GlobalSection(ExtensibilityGlobals) = postSolution
		SolutionGuid = {A3A49194-5513-4527-B76B-9E84317EC55E}
	EndGlobalSection
EndGlobal
