
Microsoft Visual Studio Solution File, Format Version 12.00
# Visual Studio Version 17
VisualStudioVersion = 17.4.33213.308
MinimumVisualStudioVersion = 10.0.40219.1
Project("{FAE04EC0-301F-11D3-BF4B-00C04F79EFBC}") = "harjoitus 12", "harjoitus 12\harjoitus 12.csproj", "{1BAA911E-0A49-40BD-8834-41FC9F6BB0BB}"
EndProject
Global
	GlobalSection(SolutionConfigurationPlatforms) = preSolution
		Debug|Any CPU = Debug|Any CPU
		Release|Any CPU = Release|Any CPU
	EndGlobalSection
	GlobalSection(ProjectConfigurationPlatforms) = postSolution
		{1BAA911E-0A49-40BD-8834-41FC9F6BB0BB}.Debug|Any CPU.ActiveCfg = Debug|Any CPU
		{1BAA911E-0A49-40BD-8834-41FC9F6BB0BB}.Debug|Any CPU.Build.0 = Debug|Any CPU
		{1BAA911E-0A49-40BD-8834-41FC9F6BB0BB}.Release|Any CPU.ActiveCfg = Release|Any CPU
		{1BAA911E-0A49-40BD-8834-41FC9F6BB0BB}.Release|Any CPU.Build.0 = Release|Any CPU
	EndGlobalSection
	GlobalSection(SolutionProperties) = preSolution
		HideSolutionNode = FALSE
	EndGlobalSection
	GlobalSection(ExtensibilityGlobals) = postSolution
		SolutionGuid = {6627E8D9-7D7D-472D-8A1A-56E3E9625BF3}
	EndGlobalSection
EndGlobal
