
Microsoft Visual Studio Solution File, Format Version 12.00
# Visual Studio Version 17
VisualStudioVersion = 17.4.33205.214
MinimumVisualStudioVersion = 10.0.40219.1
Project("{FAE04EC0-301F-11D3-BF4B-00C04F79EFBC}") = "hotelli-tehtava", "hotelli-tehtava\hotelli-tehtava.csproj", "{35B0E1DF-1C1B-440E-BEB0-95CE32BA567F}"
EndProject
Global
	GlobalSection(SolutionConfigurationPlatforms) = preSolution
		Debug|Any CPU = Debug|Any CPU
		Release|Any CPU = Release|Any CPU
	EndGlobalSection
	GlobalSection(ProjectConfigurationPlatforms) = postSolution
		{35B0E1DF-1C1B-440E-BEB0-95CE32BA567F}.Debug|Any CPU.ActiveCfg = Debug|Any CPU
		{35B0E1DF-1C1B-440E-BEB0-95CE32BA567F}.Debug|Any CPU.Build.0 = Debug|Any CPU
		{35B0E1DF-1C1B-440E-BEB0-95CE32BA567F}.Release|Any CPU.ActiveCfg = Release|Any CPU
		{35B0E1DF-1C1B-440E-BEB0-95CE32BA567F}.Release|Any CPU.Build.0 = Release|Any CPU
	EndGlobalSection
	GlobalSection(SolutionProperties) = preSolution
		HideSolutionNode = FALSE
	EndGlobalSection
	GlobalSection(ExtensibilityGlobals) = postSolution
		SolutionGuid = {A46F3432-9DA0-4860-ADEE-C585C874DA2A}
	EndGlobalSection
EndGlobal
